
Microsoft Visual Studio Solution File, Format Version 12.00
# Visual Studio Version 17
VisualStudioVersion = 17.5.33103.201
MinimumVisualStudioVersion = 10.0.40219.1
Project("{FAE04EC0-301F-11D3-BF4B-00C04F79EFBC}") = "Project(AdminPanel)", "Project(AdminPanel)\Project(AdminPanel).csproj", "{C998C096-DBA8-49DE-8D60-867AF35D21B2}"
EndProject
Global
	GlobalSection(SolutionConfigurationPlatforms) = preSolution
		Debug|Any CPU = Debug|Any CPU
		Release|Any CPU = Release|Any CPU
	EndGlobalSection
	GlobalSection(ProjectConfigurationPlatforms) = postSolution
		{C998C096-DBA8-49DE-8D60-867AF35D21B2}.Debug|Any CPU.ActiveCfg = Debug|Any CPU
		{C998C096-DBA8-49DE-8D60-867AF35D21B2}.Debug|Any CPU.Build.0 = Debug|Any CPU
		{C998C096-DBA8-49DE-8D60-867AF35D21B2}.Release|Any CPU.ActiveCfg = Release|Any CPU
		{C998C096-DBA8-49DE-8D60-867AF35D21B2}.Release|Any CPU.Build.0 = Release|Any CPU
	EndGlobalSection
	GlobalSection(SolutionProperties) = preSolution
		HideSolutionNode = FALSE
	EndGlobalSection
	GlobalSection(ExtensibilityGlobals) = postSolution
		SolutionGuid = {3A0120EA-B7E9-4FF2-AFF3-13AE06FA4115}
	EndGlobalSection
EndGlobal
